
Microsoft Visual Studio Solution File, Format Version 12.00
# Visual Studio 15
VisualStudioVersion = 15.0.28010.2016
MinimumVisualStudioVersion = 10.0.40219.1
Project("{FAE04EC0-301F-11D3-BF4B-00C04F79EFBC}") = "Comentsys.Community.Controls", "Comentsys.Community.Controls\Comentsys.Community.Controls.csproj", "{19F7E3B9-D596-4957-A24C-317E04977441}"
EndProject
Project("{FAE04EC0-301F-11D3-BF4B-00C04F79EFBC}") = "Comentsys.Community.Controls.UWP", "..\..\CCC\Comentsys.Community.Controls.UWP\Comentsys.Community.Controls.UWP.csproj", "{7474B747-2D7E-401F-99D9-AC8C33B9F3F1}"
EndProject
Global
	GlobalSection(SolutionConfigurationPlatforms) = preSolution
		Debug|Any CPU = Debug|Any CPU
		Debug|ARM = Debug|ARM
		Debug|x64 = Debug|x64
		Debug|x86 = Debug|x86
		Release|Any CPU = Release|Any CPU
		Release|ARM = Release|ARM
		Release|x64 = Release|x64
		Release|x86 = Release|x86
	EndGlobalSection
	GlobalSection(ProjectConfigurationPlatforms) = postSolution
		{19F7E3B9-D596-4957-A24C-317E04977441}.Debug|Any CPU.ActiveCfg = Debug|Any CPU
		{19F7E3B9-D596-4957-A24C-317E04977441}.Debug|Any CPU.Build.0 = Debug|Any CPU
		{19F7E3B9-D596-4957-A24C-317E04977441}.Debug|ARM.ActiveCfg = Debug|ARM
		{19F7E3B9-D596-4957-A24C-317E04977441}.Debug|ARM.Build.0 = Debug|ARM
		{19F7E3B9-D596-4957-A24C-317E04977441}.Debug|x64.ActiveCfg = Debug|x64
		{19F7E3B9-D596-4957-A24C-317E04977441}.Debug|x64.Build.0 = Debug|x64
		{19F7E3B9-D596-4957-A24C-317E04977441}.Debug|x86.ActiveCfg = Debug|x86
		{19F7E3B9-D596-4957-A24C-317E04977441}.Debug|x86.Build.0 = Debug|x86
		{19F7E3B9-D596-4957-A24C-317E04977441}.Release|Any CPU.ActiveCfg = Release|Any CPU
		{19F7E3B9-D596-4957-A24C-317E04977441}.Release|Any CPU.Build.0 = Release|Any CPU
		{19F7E3B9-D596-4957-A24C-317E04977441}.Release|ARM.ActiveCfg = Release|ARM
		{19F7E3B9-D596-4957-A24C-317E04977441}.Release|ARM.Build.0 = Release|ARM
		{19F7E3B9-D596-4957-A24C-317E04977441}.Release|x64.ActiveCfg = Release|x64
		{19F7E3B9-D596-4957-A24C-317E04977441}.Release|x64.Build.0 = Release|x64
		{19F7E3B9-D596-4957-A24C-317E04977441}.Release|x86.ActiveCfg = Release|x86
		{19F7E3B9-D596-4957-A24C-317E04977441}.Release|x86.Build.0 = Release|x86
		{7474B747-2D7E-401F-99D9-AC8C33B9F3F1}.Debug|Any CPU.ActiveCfg = Debug|x86
		{7474B747-2D7E-401F-99D9-AC8C33B9F3F1}.Debug|ARM.ActiveCfg = Debug|ARM
		{7474B747-2D7E-401F-99D9-AC8C33B9F3F1}.Debug|ARM.Build.0 = Debug|ARM
		{7474B747-2D7E-401F-99D9-AC8C33B9F3F1}.Debug|ARM.Deploy.0 = Debug|ARM
		{7474B747-2D7E-401F-99D9-AC8C33B9F3F1}.Debug|x64.ActiveCfg = Debug|x64
		{7474B747-2D7E-401F-99D9-AC8C33B9F3F1}.Debug|x64.Build.0 = Debug|x64
		{7474B747-2D7E-401F-99D9-AC8C33B9F3F1}.Debug|x64.Deploy.0 = Debug|x64
		{7474B747-2D7E-401F-99D9-AC8C33B9F3F1}.Debug|x86.ActiveCfg = Debug|x86
		{7474B747-2D7E-401F-99D9-AC8C33B9F3F1}.Debug|x86.Build.0 = Debug|x86
		{7474B747-2D7E-401F-99D9-AC8C33B9F3F1}.Debug|x86.Deploy.0 = Debug|x86
		{7474B747-2D7E-401F-99D9-AC8C33B9F3F1}.Release|Any CPU.ActiveCfg = Release|x86
		{7474B747-2D7E-401F-99D9-AC8C33B9F3F1}.Release|ARM.ActiveCfg = Release|ARM
		{7474B747-2D7E-401F-99D9-AC8C33B9F3F1}.Release|ARM.Build.0 = Release|ARM
		{7474B747-2D7E-401F-99D9-AC8C33B9F3F1}.Release|ARM.Deploy.0 = Release|ARM
		{7474B747-2D7E-401F-99D9-AC8C33B9F3F1}.Release|x64.ActiveCfg = Release|x64
		{7474B747-2D7E-401F-99D9-AC8C33B9F3F1}.Release|x64.Build.0 = Release|x64
		{7474B747-2D7E-401F-99D9-AC8C33B9F3F1}.Release|x64.Deploy.0 = Release|x64
		{7474B747-2D7E-401F-99D9-AC8C33B9F3F1}.Release|x86.ActiveCfg = Release|x86
		{7474B747-2D7E-401F-99D9-AC8C33B9F3F1}.Release|x86.Build.0 = Release|x86
		{7474B747-2D7E-401F-99D9-AC8C33B9F3F1}.Release|x86.Deploy.0 = Release|x86
	EndGlobalSection
	GlobalSection(SolutionProperties) = preSolution
		HideSolutionNode = FALSE
	EndGlobalSection
	GlobalSection(ExtensibilityGlobals) = postSolution
		SolutionGuid = {1D4B47A6-A2F7-41E2-B922-6CB5F0A92BB8}
	EndGlobalSection
EndGlobal
